
Microsoft Visual Studio Solution File, Format Version 12.00
# Visual Studio Version 17
VisualStudioVersion = 17.9.34622.214
MinimumVisualStudioVersion = 10.0.40219.1
Project("{FAE04EC0-301F-11D3-BF4B-00C04F79EFBC}") = "Web-API", "Web-API.csproj", "{F060F88F-DAEA-4B8A-BDF8-6919435DEB20}"
EndProject
Global
	GlobalSection(SolutionConfigurationPlatforms) = preSolution
		Debug|Any CPU = Debug|Any CPU
		Release|Any CPU = Release|Any CPU
	EndGlobalSection
	GlobalSection(ProjectConfigurationPlatforms) = postSolution
		{F060F88F-DAEA-4B8A-BDF8-6919435DEB20}.Debug|Any CPU.ActiveCfg = Debug|Any CPU
		{F060F88F-DAEA-4B8A-BDF8-6919435DEB20}.Debug|Any CPU.Build.0 = Debug|Any CPU
		{F060F88F-DAEA-4B8A-BDF8-6919435DEB20}.Release|Any CPU.ActiveCfg = Release|Any CPU
		{F060F88F-DAEA-4B8A-BDF8-6919435DEB20}.Release|Any CPU.Build.0 = Release|Any CPU
	EndGlobalSection
	GlobalSection(SolutionProperties) = preSolution
		HideSolutionNode = FALSE
	EndGlobalSection
	GlobalSection(ExtensibilityGlobals) = postSolution
		SolutionGuid = {87533D0E-78FC-42C1-9484-7AF8BFAD94B9}
	EndGlobalSection
EndGlobal
